// !$*UTF8*$!
{
	archiveVersion = 1;
	classes = {
	};
	objectVersion = 48;
	objects = {

/* Begin PBXBuildFile section */
		843C1B39201F28A000413FEE /* AppDelegate.swift in Sources */ = {isa = PBXBuildFile; fileRef = 843C1B38201F28A000413FEE /* AppDelegate.swift */; };
		843C1B3B201F28A000413FEE /* ViewController.swift in Sources */ = {isa = PBXBuildFile; fileRef = 843C1B3A201F28A000413FEE /* ViewController.swift */; };
		843C1B3E201F28A000413FEE /* Main.storyboard in Resources */ = {isa = PBXBuildFile; fileRef = 843C1B3C201F28A000413FEE /* Main.storyboard */; };
		843C1B41201F28A000413FEE /* iOS_Eindproject.xcdatamodeld in Sources */ = {isa = PBXBuildFile; fileRef = 843C1B3F201F28A000413FEE /* iOS_Eindproject.xcdatamodeld */; };
		843C1B43201F28A000413FEE /* Assets.xcassets in Resources */ = {isa = PBXBuildFile; fileRef = 843C1B42201F28A000413FEE /* Assets.xcassets */; };
		843C1B46201F28A000413FEE /* LaunchScreen.storyboard in Resources */ = {isa = PBXBuildFile; fileRef = 843C1B44201F28A000413FEE /* LaunchScreen.storyboard */; };
		A42CD852201F49C900EF05D5 /* shrimp.jpg in Resources */ = {isa = PBXBuildFile; fileRef = A42CD84F201F49C900EF05D5 /* shrimp.jpg */; };
		A42CD853201F49C900EF05D5 /* sea2.jpg in Resources */ = {isa = PBXBuildFile; fileRef = A42CD850201F49C900EF05D5 /* sea2.jpg */; };
		A42CD854201F49C900EF05D5 /* sea.jpg in Resources */ = {isa = PBXBuildFile; fileRef = A42CD851201F49C900EF05D5 /* sea.jpg */; };
		A42CD856201F5BE500EF05D5 /* LineUpViewController.swift in Sources */ = {isa = PBXBuildFile; fileRef = A42CD855201F5BE500EF05D5 /* LineUpViewController.swift */; };
		A42CD85B201F5DF700EF05D5 /* Artist.swift in Sources */ = {isa = PBXBuildFile; fileRef = A42CD85A201F5DF700EF05D5 /* Artist.swift */; };
		A42CD85F201F635700EF05D5 /* lineUpTableViewCell.xib in Resources */ = {isa = PBXBuildFile; fileRef = A42CD85D201F635700EF05D5 /* lineUpTableViewCell.xib */; };
/* End PBXBuildFile section */

/* Begin PBXFileReference section */
		843C1B35201F28A000413FEE /* iOS Eindproject.app */ = {isa = PBXFileReference; explicitFileType = wrapper.application; includeInIndex = 0; path = "iOS Eindproject.app"; sourceTree = BUILT_PRODUCTS_DIR; };
		843C1B38201F28A000413FEE /* AppDelegate.swift */ = {isa = PBXFileReference; lastKnownFileType = sourcecode.swift; path = AppDelegate.swift; sourceTree = "<group>"; };
		843C1B3A201F28A000413FEE /* ViewController.swift */ = {isa = PBXFileReference; lastKnownFileType = sourcecode.swift; path = ViewController.swift; sourceTree = "<group>"; };
		843C1B3D201F28A000413FEE /* Base */ = {isa = PBXFileReference; lastKnownFileType = file.storyboard; name = Base; path = Base.lproj/Main.storyboard; sourceTree = "<group>"; };
		843C1B40201F28A000413FEE /* iOS_Eindproject.xcdatamodel */ = {isa = PBXFileReference; lastKnownFileType = wrapper.xcdatamodel; path = iOS_Eindproject.xcdatamodel; sourceTree = "<group>"; };
		843C1B42201F28A000413FEE /* Assets.xcassets */ = {isa = PBXFileReference; lastKnownFileType = folder.assetcatalog; path = Assets.xcassets; sourceTree = "<group>"; };
		843C1B45201F28A000413FEE /* Base */ = {isa = PBXFileReference; lastKnownFileType = file.storyboard; name = Base; path = Base.lproj/LaunchScreen.storyboard; sourceTree = "<group>"; };
		843C1B47201F28A000413FEE /* Info.plist */ = {isa = PBXFileReference; lastKnownFileType = text.plist.xml; path = Info.plist; sourceTree = "<group>"; };
		A42CD84F201F49C900EF05D5 /* shrimp.jpg */ = {isa = PBXFileReference; lastKnownFileType = image.jpeg; path = shrimp.jpg; sourceTree = "<group>"; };
		A42CD850201F49C900EF05D5 /* sea2.jpg */ = {isa = PBXFileReference; lastKnownFileType = image.jpeg; path = sea2.jpg; sourceTree = "<group>"; };
		A42CD851201F49C900EF05D5 /* sea.jpg */ = {isa = PBXFileReference; lastKnownFileType = image.jpeg; path = sea.jpg; sourceTree = "<group>"; };
		A42CD855201F5BE500EF05D5 /* LineUpViewController.swift */ = {isa = PBXFileReference; lastKnownFileType = sourcecode.swift; path = LineUpViewController.swift; sourceTree = "<group>"; };
		A42CD85A201F5DF700EF05D5 /* Artist.swift */ = {isa = PBXFileReference; lastKnownFileType = sourcecode.swift; path = Artist.swift; sourceTree = "<group>"; };
		A42CD85D201F635700EF05D5 /* lineUpTableViewCell.xib */ = {isa = PBXFileReference; lastKnownFileType = file.xib; path = lineUpTableViewCell.xib; sourceTree = "<group>"; };
/* End PBXFileReference section */

/* Begin PBXFrameworksBuildPhase section */
		843C1B32201F28A000413FEE /* Frameworks */ = {
			isa = PBXFrameworksBuildPhase;
			buildActionMask = 2147483647;
			files = (
			);
			runOnlyForDeploymentPostprocessing = 0;
		};
/* End PBXFrameworksBuildPhase section */

/* Begin PBXGroup section */
		843C1B2C201F28A000413FEE = {
			isa = PBXGroup;
			children = (
				843C1B37201F28A000413FEE /* iOS Eindproject */,
				843C1B36201F28A000413FEE /* Products */,
			);
			sourceTree = "<group>";
		};
		843C1B36201F28A000413FEE /* Products */ = {
			isa = PBXGroup;
			children = (
				843C1B35201F28A000413FEE /* iOS Eindproject.app */,
			);
			name = Products;
			sourceTree = "<group>";
		};
		843C1B37201F28A000413FEE /* iOS Eindproject */ = {
			isa = PBXGroup;
			children = (
				A42CD859201F5DA600EF05D5 /* Views */,
				A42CD858201F5D8700EF05D5 /* Images */,
				A42CD857201F5D4700EF05D5 /* Controllers */,
				843C1B47201F28A000413FEE /* Info.plist */,
				843C1B3F201F28A000413FEE /* iOS_Eindproject.xcdatamodeld */,
			);
			path = "iOS Eindproject";
			sourceTree = "<group>";
		};
		A42CD857201F5D4700EF05D5 /* Controllers */ = {
			isa = PBXGroup;
			children = (
				A42CD855201F5BE500EF05D5 /* LineUpViewController.swift */,
				843C1B38201F28A000413FEE /* AppDelegate.swift */,
				843C1B3A201F28A000413FEE /* ViewController.swift */,
				A42CD85A201F5DF700EF05D5 /* Artist.swift */,
				A42CD85D201F635700EF05D5 /* lineUpTableViewCell.xib */,
			);
			path = Controllers;
			sourceTree = "<group>";
		};
		A42CD858201F5D8700EF05D5 /* Images */ = {
			isa = PBXGroup;
			children = (
				A42CD84F201F49C900EF05D5 /* shrimp.jpg */,
				A42CD851201F49C900EF05D5 /* sea.jpg */,
				A42CD850201F49C900EF05D5 /* sea2.jpg */,
			);
			path = Images;
			sourceTree = "<group>";
		};
		A42CD859201F5DA600EF05D5 /* Views */ = {
			isa = PBXGroup;
			children = (
				843C1B3C201F28A000413FEE /* Main.storyboard */,
				843C1B44201F28A000413FEE /* LaunchScreen.storyboard */,
				843C1B42201F28A000413FEE /* Assets.xcassets */,
			);
			path = Views;
			sourceTree = "<group>";
		};
/* End PBXGroup section */

/* Begin PBXNativeTarget section */
		843C1B34201F28A000413FEE /* iOS Eindproject */ = {
			isa = PBXNativeTarget;
			buildConfigurationList = 843C1B4A201F28A000413FEE /* Build configuration list for PBXNativeTarget "iOS Eindproject" */;
			buildPhases = (
				843C1B31201F28A000413FEE /* Sources */,
				843C1B32201F28A000413FEE /* Frameworks */,
				843C1B33201F28A000413FEE /* Resources */,
			);
			buildRules = (
			);
			dependencies = (
			);
			name = "iOS Eindproject";
			productName = "iOS Eindproject";
			productReference = 843C1B35201F28A000413FEE /* iOS Eindproject.app */;
			productType = "com.apple.product-type.application";
		};
/* End PBXNativeTarget section */

/* Begin PBXProject section */
		843C1B2D201F28A000413FEE /* Project object */ = {
			isa = PBXProject;
			attributes = {
				LastSwiftUpdateCheck = 0920;
				LastUpgradeCheck = 0920;
				ORGANIZATIONNAME = EhB;
				TargetAttributes = {
					843C1B34201F28A000413FEE = {
						CreatedOnToolsVersion = 9.2;
						ProvisioningStyle = Automatic;
					};
				};
			};
			buildConfigurationList = 843C1B30201F28A000413FEE /* Build configuration list for PBXProject "iOS Eindproject" */;
			compatibilityVersion = "Xcode 8.0";
			developmentRegion = en;
			hasScannedForEncodings = 0;
			knownRegions = (
				en,
				Base,
			);
			mainGroup = 843C1B2C201F28A000413FEE;
			productRefGroup = 843C1B36201F28A000413FEE /* Products */;
			projectDirPath = "";
			projectRoot = "";
			targets = (
				843C1B34201F28A000413FEE /* iOS Eindproject */,
			);
		};
/* End PBXProject section */

/* Begin PBXResourcesBuildPhase section */
		843C1B33201F28A000413FEE /* Resources */ = {
			isa = PBXResourcesBuildPhase;
			buildActionMask = 2147483647;
			files = (
				A42CD852201F49C900EF05D5 /* shrimp.jpg in Resources */,
				A42CD853201F49C900EF05D5 /* sea2.jpg in Resources */,
				843C1B46201F28A000413FEE /* LaunchScreen.storyboard in Resources */,
				A42CD85F201F635700EF05D5 /* lineUpTableViewCell.xib in Resources */,
				A42CD854201F49C900EF05D5 /* sea.jpg in Resources */,
				843C1B43201F28A000413FEE /* Assets.xcassets in Resources */,
				843C1B3E201F28A000413FEE /* Main.storyboard in Resources */,
			);
			runOnlyForDeploymentPostprocessing = 0;
		};
/* End PBXResourcesBuildPhase section */

/* Begin PBXSourcesBuildPhase section */
		843C1B31201F28A000413FEE /* Sources */ = {
			isa = PBXSourcesBuildPhase;
			buildActionMask = 2147483647;
			files = (
				843C1B41201F28A000413FEE /* iOS_Eindproject.xcdatamodeld in Sources */,
				A42CD856201F5BE500EF05D5 /* LineUpViewController.swift in Sources */,
				843C1B3B201F28A000413FEE /* ViewController.swift in Sources */,
				A42CD85B201F5DF700EF05D5 /* Artist.swift in Sources */,
				843C1B39201F28A000413FEE /* AppDelegate.swift in Sources */,
			);
			runOnlyForDeploymentPostprocessing = 0;
		};
/* End PBXSourcesBuildPhase section */

/* Begin PBXVariantGroup section */
		843C1B3C201F28A000413FEE /* Main.storyboard */ = {
			isa = PBXVariantGroup;
			children = (
				843C1B3D201F28A000413FEE /* Base */,
			);
			name = Main.storyboard;
			sourceTree = "<group>";
		};
		843C1B44201F28A000413FEE /* LaunchScreen.storyboard */ = {
			isa = PBXVariantGroup;
			children = (
				843C1B45201F28A000413FEE /* Base */,
			);
			name = LaunchScreen.storyboard;
			sourceTree = "<group>";
		};
/* End PBXVariantGroup section */

/* Begin XCBuildConfiguration section */
		843C1B48201F28A000413FEE /* Debug */ = {
			isa = XCBuildConfiguration;
			buildSettings = {
				ALWAYS_SEARCH_USER_PATHS = NO;
				CLANG_ANALYZER_NONNULL = YES;
				CLANG_ANALYZER_NUMBER_OBJECT_CONVERSION = YES_AGGRESSIVE;
				CLANG_CXX_LANGUAGE_STANDARD = "gnu++14";
				CLANG_CXX_LIBRARY = "libc++";
				CLANG_ENABLE_MODULES = YES;
				CLANG_ENABLE_OBJC_ARC = YES;
				CLANG_WARN_BLOCK_CAPTURE_AUTORELEASING = YES;
				CLANG_WARN_BOOL_CONVERSION = YES;
				CLANG_WARN_COMMA = YES;
				CLANG_WARN_CONSTANT_CONVERSION = YES;
				CLANG_WARN_DIRECT_OBJC_ISA_USAGE = YES_ERROR;
				CLANG_WARN_DOCUMENTATION_COMMENTS = YES;
				CLANG_WARN_EMPTY_BODY = YES;
				CLANG_WARN_ENUM_CONVERSION = YES;
				CLANG_WARN_INFINITE_RECURSION = YES;
				CLANG_WARN_INT_CONVERSION = YES;
				CLANG_WARN_NON_LITERAL_NULL_CONVERSION = YES;
				CLANG_WARN_OBJC_LITERAL_CONVERSION = YES;
				CLANG_WARN_OBJC_ROOT_CLASS = YES_ERROR;
				CLANG_WARN_RANGE_LOOP_ANALYSIS = YES;
				CLANG_WARN_STRICT_PROTOTYPES = YES;
				CLANG_WARN_SUSPICIOUS_MOVE = YES;
				CLANG_WARN_UNGUARDED_AVAILABILITY = YES_AGGRESSIVE;
				CLANG_WARN_UNREACHABLE_CODE = YES;
				CLANG_WARN__DUPLICATE_METHOD_MATCH = YES;
				CODE_SIGN_IDENTITY = "iPhone Developer";
				COPY_PHASE_STRIP = NO;
				DEBUG_INFORMATION_FORMAT = dwarf;
				ENABLE_STRICT_OBJC_MSGSEND = YES;
				ENABLE_TESTABILITY = YES;
				GCC_C_LANGUAGE_STANDARD = gnu11;
				GCC_DYNAMIC_NO_PIC = NO;
				GCC_NO_COMMON_BLOCKS = YES;
				GCC_OPTIMIZATION_LEVEL = 0;
				GCC_PREPROCESSOR_DEFINITIONS = (
					"DEBUG=1",
					"$(inherited)",
				);
				GCC_WARN_64_TO_32_BIT_CONVERSION = YES;
				GCC_WARN_ABOUT_RETURN_TYPE = YES_ERROR;
				GCC_WARN_UNDECLARED_SELECTOR = YES;
				GCC_WARN_UNINITIALIZED_AUTOS = YES_AGGRESSIVE;
				GCC_WARN_UNUSED_FUNCTION = YES;
				GCC_WARN_UNUSED_VARIABLE = YES;
				IPHONEOS_DEPLOYMENT_TARGET = 11.2;
				MTL_ENABLE_DEBUG_INFO = YES;
				ONLY_ACTIVE_ARCH = YES;
				SDKROOT = iphoneos;
				SWIFT_ACTIVE_COMPILATION_CONDITIONS = DEBUG;
				SWIFT_OPTIMIZATION_LEVEL = "-Onone";
			};
			name = Debug;
		};
		843C1B49201F28A000413FEE /* Release */ = {
			isa = XCBuildConfiguration;
			buildSettings = {
				ALWAYS_SEARCH_USER_PATHS = NO;
				CLANG_ANALYZER_NONNULL = YES;
				CLANG_ANALYZER_NUMBER_OBJECT_CONVERSION = YES_AGGRESSIVE;
				CLANG_CXX_LANGUAGE_STANDARD = "gnu++14";
				CLANG_CXX_LIBRARY = "libc++";
				CLANG_ENABLE_MODULES = YES;
				CLANG_ENABLE_OBJC_ARC = YES;
				CLANG_WARN_BLOCK_CAPTURE_AUTORELEASING = YES;
				CLANG_WARN_BOOL_CONVERSION = YES;
				CLANG_WARN_COMMA = YES;
				CLANG_WARN_CONSTANT_CONVERSION = YES;
				CLANG_WARN_DIRECT_OBJC_ISA_USAGE = YES_ERROR;
				CLANG_WARN_DOCUMENTATION_COMMENTS = YES;
				CLANG_WARN_EMPTY_BODY = YES;
				CLANG_WARN_ENUM_CONVERSION = YES;
				CLANG_WARN_INFINITE_RECURSION = YES;
				CLANG_WARN_INT_CONVERSION = YES;
				CLANG_WARN_NON_LITERAL_NULL_CONVERSION = YES;
				CLANG_WARN_OBJC_LITERAL_CONVERSION = YES;
				CLANG_WARN_OBJC_ROOT_CLASS = YES_ERROR;
				CLANG_WARN_RANGE_LOOP_ANALYSIS = YES;
				CLANG_WARN_STRICT_PROTOTYPES = YES;
				CLANG_WARN_SUSPICIOUS_MOVE = YES;
				CLANG_WARN_UNGUARDED_AVAILABILITY = YES_AGGRESSIVE;
				CLANG_WARN_UNREACHABLE_CODE = YES;
				CLANG_WARN__DUPLICATE_METHOD_MATCH = YES;
				CODE_SIGN_IDENTITY = "iPhone Developer";
				COPY_PHASE_STRIP = NO;
				DEBUG_INFORMATION_FORMAT = "dwarf-with-dsym";
				ENABLE_NS_ASSERTIONS = NO;
				ENABLE_STRICT_OBJC_MSGSEND = YES;
				GCC_C_LANGUAGE_STANDARD = gnu11;
				GCC_NO_COMMON_BLOCKS = YES;
				GCC_WARN_64_TO_32_BIT_CONVERSION = YES;
				GCC_WARN_ABOUT_RETURN_TYPE = YES_ERROR;
				GCC_WARN_UNDECLARED_SELECTOR = YES;
				GCC_WARN_UNINITIALIZED_AUTOS = YES_AGGRESSIVE;
				GCC_WARN_UNUSED_FUNCTION = YES;
				GCC_WARN_UNUSED_VARIABLE = YES;
				IPHONEOS_DEPLOYMENT_TARGET = 11.2;
				MTL_ENABLE_DEBUG_INFO = NO;
				SDKROOT = iphoneos;
				SWIFT_OPTIMIZATION_LEVEL = "-Owholemodule";
				VALIDATE_PRODUCT = YES;
			};
			name = Release;
		};
		843C1B4B201F28A000413FEE /* Debug */ = {
			isa = XCBuildConfiguration;
			buildSettings = {
				ASSETCATALOG_COMPILER_APPICON_NAME = AppIcon;
				CODE_SIGN_STYLE = Automatic;
				INFOPLIST_FILE = "iOS Eindproject/Info.plist";
				LD_RUNPATH_SEARCH_PATHS = "$(inherited) @executable_path/Frameworks";
				PRODUCT_BUNDLE_IDENTIFIER = "be.ehb.iOS-Eindproject";
				PRODUCT_NAME = "$(TARGET_NAME)";
				SWIFT_VERSION = 4.0;
				TARGETED_DEVICE_FAMILY = "1,2";
			};
			name = Debug;
		};
		843C1B4C201F28A000413FEE /* Release */ = {
			isa = XCBuildConfiguration;
			buildSettings = {
				ASSETCATALOG_COMPILER_APPICON_NAME = AppIcon;
				CODE_SIGN_STYLE = Automatic;
				INFOPLIST_FILE = "iOS Eindproject/Info.plist";
				LD_RUNPATH_SEARCH_PATHS = "$(inherited) @executable_path/Frameworks";
				PRODUCT_BUNDLE_IDENTIFIER = "be.ehb.iOS-Eindproject";
				PRODUCT_NAME = "$(TARGET_NAME)";
				SWIFT_VERSION = 4.0;
				TARGETED_DEVICE_FAMILY = "1,2";
			};
			name = Release;
		};
/* End XCBuildConfiguration section */

/* Begin XCConfigurationList section */
		843C1B30201F28A000413FEE /* Build configuration list for PBXProject "iOS Eindproject" */ = {
			isa = XCConfigurationList;
			buildConfigurations = (
				843C1B48201F28A000413FEE /* Debug */,
				843C1B49201F28A000413FEE /* Release */,
			);
			defaultConfigurationIsVisible = 0;
			defaultConfigurationName = Release;
		};
		843C1B4A201F28A000413FEE /* Build configuration list for PBXNativeTarget "iOS Eindproject" */ = {
			isa = XCConfigurationList;
			buildConfigurations = (
				843C1B4B201F28A000413FEE /* Debug */,
				843C1B4C201F28A000413FEE /* Release */,
			);
			defaultConfigurationIsVisible = 0;
			defaultConfigurationName = Release;
		};
/* End XCConfigurationList section */

/* Begin XCVersionGroup section */
		843C1B3F201F28A000413FEE /* iOS_Eindproject.xcdatamodeld */ = {
			isa = XCVersionGroup;
			children = (
				843C1B40201F28A000413FEE /* iOS_Eindproject.xcdatamodel */,
			);
			currentVersion = 843C1B40201F28A000413FEE /* iOS_Eindproject.xcdatamodel */;
			path = iOS_Eindproject.xcdatamodeld;
			sourceTree = "<group>";
			versionGroupType = wrapper.xcdatamodel;
		};
/* End XCVersionGroup section */
	};
	rootObject = 843C1B2D201F28A000413FEE /* Project object */;
}
